// !$*UTF8*$!
{
	archiveVersion = 1;
	classes = {
	};
	objectVersion = 50;
	objects = {

/* Begin PBXBuildFile section */
		228A4A9422E8B2D000D93DE8 /* Actions.swift in Sources */ = {isa = PBXBuildFile; fileRef = 228A4A9322E8B2D000D93DE8 /* Actions.swift */; };
		22C16DEF22E83D8B00651C16 /* AppDelegate.swift in Sources */ = {isa = PBXBuildFile; fileRef = 22C16DEE22E83D8B00651C16 /* AppDelegate.swift */; };
		22C16DF122E83D8B00651C16 /* SignInViewController.swift in Sources */ = {isa = PBXBuildFile; fileRef = 22C16DF022E83D8B00651C16 /* SignInViewController.swift */; };
		22C16DF422E83D8B00651C16 /* Main.storyboard in Resources */ = {isa = PBXBuildFile; fileRef = 22C16DF222E83D8B00651C16 /* Main.storyboard */; };
		22C16DF622E83D8D00651C16 /* Assets.xcassets in Resources */ = {isa = PBXBuildFile; fileRef = 22C16DF522E83D8D00651C16 /* Assets.xcassets */; };
		22C16DF922E83D8D00651C16 /* LaunchScreen.storyboard in Resources */ = {isa = PBXBuildFile; fileRef = 22C16DF722E83D8D00651C16 /* LaunchScreen.storyboard */; };
		22C16E0622E8404C00651C16 /* Extensions.swift in Sources */ = {isa = PBXBuildFile; fileRef = 22C16E0522E8404C00651C16 /* Extensions.swift */; };
		22C16E0822E8407100651C16 /* Constants.swift in Sources */ = {isa = PBXBuildFile; fileRef = 22C16E0722E8407100651C16 /* Constants.swift */; };
		22C16E0A22E8409300651C16 /* AnimationHelper.swift in Sources */ = {isa = PBXBuildFile; fileRef = 22C16E0922E8409300651C16 /* AnimationHelper.swift */; };
		22C16E0C22E8410900651C16 /* LoadingViewController.swift in Sources */ = {isa = PBXBuildFile; fileRef = 22C16E0B22E8410900651C16 /* LoadingViewController.swift */; };
		22C16E0E22E8412E00651C16 /* DashboardViewController.swift in Sources */ = {isa = PBXBuildFile; fileRef = 22C16E0D22E8412E00651C16 /* DashboardViewController.swift */; };
		22C16E1022E8414B00651C16 /* PartyTimeViewController.swift in Sources */ = {isa = PBXBuildFile; fileRef = 22C16E0F22E8414B00651C16 /* PartyTimeViewController.swift */; };
/* End PBXBuildFile section */

/* Begin PBXFileReference section */
		228A4A9322E8B2D000D93DE8 /* Actions.swift */ = {isa = PBXFileReference; lastKnownFileType = sourcecode.swift; path = Actions.swift; sourceTree = "<group>"; };
		22C16DEB22E83D8B00651C16 /* CoreAnimator.app */ = {isa = PBXFileReference; explicitFileType = wrapper.application; includeInIndex = 0; path = CoreAnimator.app; sourceTree = BUILT_PRODUCTS_DIR; };
		22C16DEE22E83D8B00651C16 /* AppDelegate.swift */ = {isa = PBXFileReference; lastKnownFileType = sourcecode.swift; path = AppDelegate.swift; sourceTree = "<group>"; };
		22C16DF022E83D8B00651C16 /* SignInViewController.swift */ = {isa = PBXFileReference; lastKnownFileType = sourcecode.swift; path = SignInViewController.swift; sourceTree = "<group>"; };
		22C16DF322E83D8B00651C16 /* Base */ = {isa = PBXFileReference; lastKnownFileType = file.storyboard; name = Base; path = Base.lproj/Main.storyboard; sourceTree = "<group>"; };
		22C16DF522E83D8D00651C16 /* Assets.xcassets */ = {isa = PBXFileReference; lastKnownFileType = folder.assetcatalog; path = Assets.xcassets; sourceTree = "<group>"; };
		22C16DF822E83D8D00651C16 /* Base */ = {isa = PBXFileReference; lastKnownFileType = file.storyboard; name = Base; path = Base.lproj/LaunchScreen.storyboard; sourceTree = "<group>"; };
		22C16DFA22E83D8D00651C16 /* Info.plist */ = {isa = PBXFileReference; lastKnownFileType = text.plist.xml; path = Info.plist; sourceTree = "<group>"; };
		22C16E0322E83F6D00651C16 /* Default-568h@2x.png */ = {isa = PBXFileReference; lastKnownFileType = image.png; path = "Default-568h@2x.png"; sourceTree = "<group>"; };
		22C16E0522E8404C00651C16 /* Extensions.swift */ = {isa = PBXFileReference; lastKnownFileType = sourcecode.swift; path = Extensions.swift; sourceTree = "<group>"; };
		22C16E0722E8407100651C16 /* Constants.swift */ = {isa = PBXFileReference; lastKnownFileType = sourcecode.swift; path = Constants.swift; sourceTree = "<group>"; };
		22C16E0922E8409300651C16 /* AnimationHelper.swift */ = {isa = PBXFileReference; lastKnownFileType = sourcecode.swift; path = AnimationHelper.swift; sourceTree = "<group>"; };
		22C16E0B22E8410900651C16 /* LoadingViewController.swift */ = {isa = PBXFileReference; lastKnownFileType = sourcecode.swift; path = LoadingViewController.swift; sourceTree = "<group>"; };
		22C16E0D22E8412E00651C16 /* DashboardViewController.swift */ = {isa = PBXFileReference; lastKnownFileType = sourcecode.swift; path = DashboardViewController.swift; sourceTree = "<group>"; };
		22C16E0F22E8414B00651C16 /* PartyTimeViewController.swift */ = {isa = PBXFileReference; lastKnownFileType = sourcecode.swift; path = PartyTimeViewController.swift; sourceTree = "<group>"; };
/* End PBXFileReference section */

/* Begin PBXFrameworksBuildPhase section */
		22C16DE822E83D8B00651C16 /* Frameworks */ = {
			isa = PBXFrameworksBuildPhase;
			buildActionMask = 2147483647;
			files = (
			);
			runOnlyForDeploymentPostprocessing = 0;
		};
/* End PBXFrameworksBuildPhase section */

/* Begin PBXGroup section */
		22C16DE222E83D8B00651C16 = {
			isa = PBXGroup;
			children = (
				22C16DED22E83D8B00651C16 /* CoreAnimator */,
				22C16DEC22E83D8B00651C16 /* Products */,
			);
			sourceTree = "<group>";
		};
		22C16DEC22E83D8B00651C16 /* Products */ = {
			isa = PBXGroup;
			children = (
				22C16DEB22E83D8B00651C16 /* CoreAnimator.app */,
			);
			name = Products;
			sourceTree = "<group>";
		};
		22C16DED22E83D8B00651C16 /* CoreAnimator */ = {
			isa = PBXGroup;
			children = (
				22C16E0122E83F3700651C16 /* Controllers */,
				22C16E0222E83F5300651C16 /* Utilities */,
				22C16E0022E83EEF00651C16 /* Storyboards */,
				22C16DFA22E83D8D00651C16 /* Info.plist */,
				22C16E0322E83F6D00651C16 /* Default-568h@2x.png */,
				22C16DEE22E83D8B00651C16 /* AppDelegate.swift */,
				22C16DF522E83D8D00651C16 /* Assets.xcassets */,
			);
			path = CoreAnimator;
			sourceTree = "<group>";
		};
		22C16E0022E83EEF00651C16 /* Storyboards */ = {
			isa = PBXGroup;
			children = (
				22C16DF222E83D8B00651C16 /* Main.storyboard */,
				22C16DF722E83D8D00651C16 /* LaunchScreen.storyboard */,
			);
			path = Storyboards;
			sourceTree = "<group>";
		};
		22C16E0122E83F3700651C16 /* Controllers */ = {
			isa = PBXGroup;
			children = (
				22C16DF022E83D8B00651C16 /* SignInViewController.swift */,
				22C16E0B22E8410900651C16 /* LoadingViewController.swift */,
				22C16E0D22E8412E00651C16 /* DashboardViewController.swift */,
				22C16E0F22E8414B00651C16 /* PartyTimeViewController.swift */,
			);
			path = Controllers;
			sourceTree = "<group>";
		};
		22C16E0222E83F5300651C16 /* Utilities */ = {
			isa = PBXGroup;
			children = (
				22C16E0922E8409300651C16 /* AnimationHelper.swift */,
				22C16E0522E8404C00651C16 /* Extensions.swift */,
				22C16E0722E8407100651C16 /* Constants.swift */,
				228A4A9322E8B2D000D93DE8 /* Actions.swift */,
			);
			path = Utilities;
			sourceTree = "<group>";
		};
/* End PBXGroup section */

/* Begin PBXNativeTarget section */
		22C16DEA22E83D8B00651C16 /* CoreAnimator */ = {
			isa = PBXNativeTarget;
			buildConfigurationList = 22C16DFD22E83D8D00651C16 /* Build configuration list for PBXNativeTarget "CoreAnimator" */;
			buildPhases = (
				22C16DE722E83D8B00651C16 /* Sources */,
				22C16DE822E83D8B00651C16 /* Frameworks */,
				22C16DE922E83D8B00651C16 /* Resources */,
			);
			buildRules = (
			);
			dependencies = (
			);
			name = CoreAnimator;
			productName = CoreAnimator;
			productReference = 22C16DEB22E83D8B00651C16 /* CoreAnimator.app */;
			productType = "com.apple.product-type.application";
		};
/* End PBXNativeTarget section */

/* Begin PBXProject section */
		22C16DE322E83D8B00651C16 /* Project object */ = {
			isa = PBXProject;
			attributes = {
				LastSwiftUpdateCheck = 1020;
				LastUpgradeCheck = 1020;
				ORGANIZATIONNAME = macOS;
				TargetAttributes = {
					22C16DEA22E83D8B00651C16 = {
						CreatedOnToolsVersion = 10.2;
					};
				};
			};
			buildConfigurationList = 22C16DE622E83D8B00651C16 /* Build configuration list for PBXProject "CoreAnimator" */;
			compatibilityVersion = "Xcode 9.3";
			developmentRegion = en;
			hasScannedForEncodings = 0;
			knownRegions = (
				en,
				Base,
			);
			mainGroup = 22C16DE222E83D8B00651C16;
			productRefGroup = 22C16DEC22E83D8B00651C16 /* Products */;
			projectDirPath = "";
			projectRoot = "";
			targets = (
				22C16DEA22E83D8B00651C16 /* CoreAnimator */,
			);
		};
/* End PBXProject section */

/* Begin PBXResourcesBuildPhase section */
		22C16DE922E83D8B00651C16 /* Resources */ = {
			isa = PBXResourcesBuildPhase;
			buildActionMask = 2147483647;
			files = (
				22C16DF922E83D8D00651C16 /* LaunchScreen.storyboard in Resources */,
				22C16DF622E83D8D00651C16 /* Assets.xcassets in Resources */,
				22C16DF422E83D8B00651C16 /* Main.storyboard in Resources */,
			);
			runOnlyForDeploymentPostprocessing = 0;
		};
/* End PBXResourcesBuildPhase section */

/* Begin PBXSourcesBuildPhase section */
		22C16DE722E83D8B00651C16 /* Sources */ = {
			isa = PBXSourcesBuildPhase;
			buildActionMask = 2147483647;
			files = (
				22C16DF122E83D8B00651C16 /* SignInViewController.swift in Sources */,
				22C16E0E22E8412E00651C16 /* DashboardViewController.swift in Sources */,
				22C16E0622E8404C00651C16 /* Extensions.swift in Sources */,
				22C16E0A22E8409300651C16 /* AnimationHelper.swift in Sources */,
				22C16DEF22E83D8B00651C16 /* AppDelegate.swift in Sources */,
				22C16E0822E8407100651C16 /* Constants.swift in Sources */,
				228A4A9422E8B2D000D93DE8 /* Actions.swift in Sources */,
				22C16E1022E8414B00651C16 /* PartyTimeViewController.swift in Sources */,
				22C16E0C22E8410900651C16 /* LoadingViewController.swift in Sources */,
			);
			runOnlyForDeploymentPostprocessing = 0;
		};
/* End PBXSourcesBuildPhase section */

/* Begin PBXVariantGroup section */
		22C16DF222E83D8B00651C16 /* Main.storyboard */ = {
			isa = PBXVariantGroup;
			children = (
				22C16DF322E83D8B00651C16 /* Base */,
			);
			name = Main.storyboard;
			sourceTree = "<group>";
		};
		22C16DF722E83D8D00651C16 /* LaunchScreen.storyboard */ = {
			isa = PBXVariantGroup;
			children = (
				22C16DF822E83D8D00651C16 /* Base */,
			);
			name = LaunchScreen.storyboard;
			sourceTree = "<group>";
		};
/* End PBXVariantGroup section */

/* Begin XCBuildConfiguration section */
		22C16DFB22E83D8D00651C16 /* Debug */ = {
			isa = XCBuildConfiguration;
			buildSettings = {
				ALWAYS_SEARCH_USER_PATHS = NO;
				CLANG_ANALYZER_NONNULL = YES;
				CLANG_ANALYZER_NUMBER_OBJECT_CONVERSION = YES_AGGRESSIVE;
				CLANG_CXX_LANGUAGE_STANDARD = "gnu++14";
				CLANG_CXX_LIBRARY = "libc++";
				CLANG_ENABLE_MODULES = YES;
				CLANG_ENABLE_OBJC_ARC = YES;
				CLANG_ENABLE_OBJC_WEAK = YES;
				CLANG_WARN_BLOCK_CAPTURE_AUTORELEASING = YES;
				CLANG_WARN_BOOL_CONVERSION = YES;
				CLANG_WARN_COMMA = YES;
				CLANG_WARN_CONSTANT_CONVERSION = YES;
				CLANG_WARN_DEPRECATED_OBJC_IMPLEMENTATIONS = YES;
				CLANG_WARN_DIRECT_OBJC_ISA_USAGE = YES_ERROR;
				CLANG_WARN_DOCUMENTATION_COMMENTS = YES;
				CLANG_WARN_EMPTY_BODY = YES;
				CLANG_WARN_ENUM_CONVERSION = YES;
				CLANG_WARN_INFINITE_RECURSION = YES;
				CLANG_WARN_INT_CONVERSION = YES;
				CLANG_WARN_NON_LITERAL_NULL_CONVERSION = YES;
				CLANG_WARN_OBJC_IMPLICIT_RETAIN_SELF = YES;
				CLANG_WARN_OBJC_LITERAL_CONVERSION = YES;
				CLANG_WARN_OBJC_ROOT_CLASS = YES_ERROR;
				CLANG_WARN_RANGE_LOOP_ANALYSIS = YES;
				CLANG_WARN_STRICT_PROTOTYPES = YES;
				CLANG_WARN_SUSPICIOUS_MOVE = YES;
				CLANG_WARN_UNGUARDED_AVAILABILITY = YES_AGGRESSIVE;
				CLANG_WARN_UNREACHABLE_CODE = YES;
				CLANG_WARN__DUPLICATE_METHOD_MATCH = YES;
				CODE_SIGN_IDENTITY = "iPhone Developer";
				COPY_PHASE_STRIP = NO;
				DEBUG_INFORMATION_FORMAT = dwarf;
				ENABLE_STRICT_OBJC_MSGSEND = YES;
				ENABLE_TESTABILITY = YES;
				GCC_C_LANGUAGE_STANDARD = gnu11;
				GCC_DYNAMIC_NO_PIC = NO;
				GCC_NO_COMMON_BLOCKS = YES;
				GCC_OPTIMIZATION_LEVEL = 0;
				GCC_PREPROCESSOR_DEFINITIONS = (
					"DEBUG=1",
					"$(inherited)",
				);
				GCC_WARN_64_TO_32_BIT_CONVERSION = YES;
				GCC_WARN_ABOUT_RETURN_TYPE = YES_ERROR;
				GCC_WARN_UNDECLARED_SELECTOR = YES;
				GCC_WARN_UNINITIALIZED_AUTOS = YES_AGGRESSIVE;
				GCC_WARN_UNUSED_FUNCTION = YES;
				GCC_WARN_UNUSED_VARIABLE = YES;
				IPHONEOS_DEPLOYMENT_TARGET = 12.2;
				MTL_ENABLE_DEBUG_INFO = INCLUDE_SOURCE;
				MTL_FAST_MATH = YES;
				ONLY_ACTIVE_ARCH = YES;
				SDKROOT = iphoneos;
				SWIFT_ACTIVE_COMPILATION_CONDITIONS = DEBUG;
				SWIFT_OPTIMIZATION_LEVEL = "-Onone";
			};
			name = Debug;
		};
		22C16DFC22E83D8D00651C16 /* Release */ = {
			isa = XCBuildConfiguration;
			buildSettings = {
				ALWAYS_SEARCH_USER_PATHS = NO;
				CLANG_ANALYZER_NONNULL = YES;
				CLANG_ANALYZER_NUMBER_OBJECT_CONVERSION = YES_AGGRESSIVE;
				CLANG_CXX_LANGUAGE_STANDARD = "gnu++14";
				CLANG_CXX_LIBRARY = "libc++";
				CLANG_ENABLE_MODULES = YES;
				CLANG_ENABLE_OBJC_ARC = YES;
				CLANG_ENABLE_OBJC_WEAK = YES;
				CLANG_WARN_BLOCK_CAPTURE_AUTORELEASING = YES;
				CLANG_WARN_BOOL_CONVERSION = YES;
				CLANG_WARN_COMMA = YES;
				CLANG_WARN_CONSTANT_CONVERSION = YES;
				CLANG_WARN_DEPRECATED_OBJC_IMPLEMENTATIONS = YES;
				CLANG_WARN_DIRECT_OBJC_ISA_USAGE = YES_ERROR;
				CLANG_WARN_DOCUMENTATION_COMMENTS = YES;
				CLANG_WARN_EMPTY_BODY = YES;
				CLANG_WARN_ENUM_CONVERSION = YES;
				CLANG_WARN_INFINITE_RECURSION = YES;
				CLANG_WARN_INT_CONVERSION = YES;
				CLANG_WARN_NON_LITERAL_NULL_CONVERSION = YES;
				CLANG_WARN_OBJC_IMPLICIT_RETAIN_SELF = YES;
				CLANG_WARN_OBJC_LITERAL_CONVERSION = YES;
				CLANG_WARN_OBJC_ROOT_CLASS = YES_ERROR;
				CLANG_WARN_RANGE_LOOP_ANALYSIS = YES;
				CLANG_WARN_STRICT_PROTOTYPES = YES;
				CLANG_WARN_SUSPICIOUS_MOVE = YES;
				CLANG_WARN_UNGUARDED_AVAILABILITY = YES_AGGRESSIVE;
				CLANG_WARN_UNREACHABLE_CODE = YES;
				CLANG_WARN__DUPLICATE_METHOD_MATCH = YES;
				CODE_SIGN_IDENTITY = "iPhone Developer";
				COPY_PHASE_STRIP = NO;
				DEBUG_INFORMATION_FORMAT = "dwarf-with-dsym";
				ENABLE_NS_ASSERTIONS = NO;
				ENABLE_STRICT_OBJC_MSGSEND = YES;
				GCC_C_LANGUAGE_STANDARD = gnu11;
				GCC_NO_COMMON_BLOCKS = YES;
				GCC_WARN_64_TO_32_BIT_CONVERSION = YES;
				GCC_WARN_ABOUT_RETURN_TYPE = YES_ERROR;
				GCC_WARN_UNDECLARED_SELECTOR = YES;
				GCC_WARN_UNINITIALIZED_AUTOS = YES_AGGRESSIVE;
				GCC_WARN_UNUSED_FUNCTION = YES;
				GCC_WARN_UNUSED_VARIABLE = YES;
				IPHONEOS_DEPLOYMENT_TARGET = 12.2;
				MTL_ENABLE_DEBUG_INFO = NO;
				MTL_FAST_MATH = YES;
				SDKROOT = iphoneos;
				SWIFT_COMPILATION_MODE = wholemodule;
				SWIFT_OPTIMIZATION_LEVEL = "-O";
				VALIDATE_PRODUCT = YES;
			};
			name = Release;
		};
		22C16DFE22E83D8D00651C16 /* Debug */ = {
			isa = XCBuildConfiguration;
			buildSettings = {
				ASSETCATALOG_COMPILER_APPICON_NAME = AppIcon;
				CODE_SIGN_STYLE = Automatic;
				DEVELOPMENT_TEAM = 3H5CWU86ZN;
				INFOPLIST_FILE = CoreAnimator/Info.plist;
				LD_RUNPATH_SEARCH_PATHS = (
					"$(inherited)",
					"@executable_path/Frameworks",
				);
				PRODUCT_BUNDLE_IDENTIFIER = com.steemmnf.CoreAnimator;
				PRODUCT_NAME = "$(TARGET_NAME)";
				SWIFT_VERSION = 5.0;
				TARGETED_DEVICE_FAMILY = "1,2";
			};
			name = Debug;
		};
		22C16DFF22E83D8D00651C16 /* Release */ = {
			isa = XCBuildConfiguration;
			buildSettings = {
				ASSETCATALOG_COMPILER_APPICON_NAME = AppIcon;
				CODE_SIGN_STYLE = Automatic;
				DEVELOPMENT_TEAM = 3H5CWU86ZN;
				INFOPLIST_FILE = CoreAnimator/Info.plist;
				LD_RUNPATH_SEARCH_PATHS = (
					"$(inherited)",
					"@executable_path/Frameworks",
				);
				PRODUCT_BUNDLE_IDENTIFIER = com.steemmnf.CoreAnimator;
				PRODUCT_NAME = "$(TARGET_NAME)";
				SWIFT_VERSION = 5.0;
				TARGETED_DEVICE_FAMILY = "1,2";
			};
			name = Release;
		};
/* End XCBuildConfiguration section */

/* Begin XCConfigurationList section */
		22C16DE622E83D8B00651C16 /* Build configuration list for PBXProject "CoreAnimator" */ = {
			isa = XCConfigurationList;
			buildConfigurations = (
				22C16DFB22E83D8D00651C16 /* Debug */,
				22C16DFC22E83D8D00651C16 /* Release */,
			);
			defaultConfigurationIsVisible = 0;
			defaultConfigurationName = Release;
		};
		22C16DFD22E83D8D00651C16 /* Build configuration list for PBXNativeTarget "CoreAnimator" */ = {
			isa = XCConfigurationList;
			buildConfigurations = (
				22C16DFE22E83D8D00651C16 /* Debug */,
				22C16DFF22E83D8D00651C16 /* Release */,
			);
			defaultConfigurationIsVisible = 0;
			defaultConfigurationName = Release;
		};
/* End XCConfigurationList section */
	};
	rootObject = 22C16DE322E83D8B00651C16 /* Project object */;
}
